
Microsoft Visual Studio Solution File, Format Version 12.00
# Visual Studio Version 17
VisualStudioVersion = 17.0.31611.283
MinimumVisualStudioVersion = 10.0.40219.1
Project("{9A19103F-16F7-4668-BE54-9A1E7A4F7556}") = "SnakeClient", "SnakeClient\SnakeClient.csproj", "{7DA96372-0505-424C-98B4-A5A2E01D7E3E}"
EndProject
Project("{9A19103F-16F7-4668-BE54-9A1E7A4F7556}") = "Vector2D", "Vector2D\Vector2D.csproj", "{1E1AC518-A91F-4804-85B2-34B8B0B220C8}"
EndProject
Project("{9A19103F-16F7-4668-BE54-9A1E7A4F7556}") = "GameController", "GameController\GameController.csproj", "{95BB249E-58C8-4D01-9BCC-96DDCC189B14}"
EndProject
Project("{9A19103F-16F7-4668-BE54-9A1E7A4F7556}") = "Model", "Model\Model.csproj", "{BFCDF8FE-4ED6-4ED4-8D94-D2061749DFE5}"
EndProject
Project("{2150E333-8FDC-42A3-9474-1A3956D46DE8}") = "README", "README", "{BCFED07A-EBA6-44B5-9901-CC9360799054}"
	ProjectSection(SolutionItems) = preProject
		README.txt = README.txt
	EndProjectSection
EndProject
Project("{FAE04EC0-301F-11D3-BF4B-00C04F79EFBC}") = "Server", "Server\Server.csproj", "{A679C7E0-7114-4ED7-AAFE-97B817611B77}"
EndProject
Project("{FAE04EC0-301F-11D3-BF4B-00C04F79EFBC}") = "ServerController", "ServerController\ServerController.csproj", "{14E08072-1846-44F7-AF1A-7CF2E539B4BC}"
EndProject
Global
	GlobalSection(SolutionConfigurationPlatforms) = preSolution
		Debug|Any CPU = Debug|Any CPU
		Release|Any CPU = Release|Any CPU
	EndGlobalSection
	GlobalSection(ProjectConfigurationPlatforms) = postSolution
		{7DA96372-0505-424C-98B4-A5A2E01D7E3E}.Debug|Any CPU.ActiveCfg = Debug|Any CPU
		{7DA96372-0505-424C-98B4-A5A2E01D7E3E}.Debug|Any CPU.Build.0 = Debug|Any CPU
		{7DA96372-0505-424C-98B4-A5A2E01D7E3E}.Debug|Any CPU.Deploy.0 = Debug|Any CPU
		{7DA96372-0505-424C-98B4-A5A2E01D7E3E}.Release|Any CPU.ActiveCfg = Release|Any CPU
		{7DA96372-0505-424C-98B4-A5A2E01D7E3E}.Release|Any CPU.Build.0 = Release|Any CPU
		{7DA96372-0505-424C-98B4-A5A2E01D7E3E}.Release|Any CPU.Deploy.0 = Release|Any CPU
		{1E1AC518-A91F-4804-85B2-34B8B0B220C8}.Debug|Any CPU.ActiveCfg = Debug|Any CPU
		{1E1AC518-A91F-4804-85B2-34B8B0B220C8}.Debug|Any CPU.Build.0 = Debug|Any CPU
		{1E1AC518-A91F-4804-85B2-34B8B0B220C8}.Release|Any CPU.ActiveCfg = Release|Any CPU
		{1E1AC518-A91F-4804-85B2-34B8B0B220C8}.Release|Any CPU.Build.0 = Release|Any CPU
		{95BB249E-58C8-4D01-9BCC-96DDCC189B14}.Debug|Any CPU.ActiveCfg = Debug|Any CPU
		{95BB249E-58C8-4D01-9BCC-96DDCC189B14}.Debug|Any CPU.Build.0 = Debug|Any CPU
		{95BB249E-58C8-4D01-9BCC-96DDCC189B14}.Release|Any CPU.ActiveCfg = Release|Any CPU
		{95BB249E-58C8-4D01-9BCC-96DDCC189B14}.Release|Any CPU.Build.0 = Release|Any CPU
		{BFCDF8FE-4ED6-4ED4-8D94-D2061749DFE5}.Debug|Any CPU.ActiveCfg = Debug|Any CPU
		{BFCDF8FE-4ED6-4ED4-8D94-D2061749DFE5}.Debug|Any CPU.Build.0 = Debug|Any CPU
		{BFCDF8FE-4ED6-4ED4-8D94-D2061749DFE5}.Release|Any CPU.ActiveCfg = Release|Any CPU
		{BFCDF8FE-4ED6-4ED4-8D94-D2061749DFE5}.Release|Any CPU.Build.0 = Release|Any CPU
		{A679C7E0-7114-4ED7-AAFE-97B817611B77}.Debug|Any CPU.ActiveCfg = Debug|Any CPU
		{A679C7E0-7114-4ED7-AAFE-97B817611B77}.Debug|Any CPU.Build.0 = Debug|Any CPU
		{A679C7E0-7114-4ED7-AAFE-97B817611B77}.Release|Any CPU.ActiveCfg = Release|Any CPU
		{A679C7E0-7114-4ED7-AAFE-97B817611B77}.Release|Any CPU.Build.0 = Release|Any CPU
		{14E08072-1846-44F7-AF1A-7CF2E539B4BC}.Debug|Any CPU.ActiveCfg = Debug|Any CPU
		{14E08072-1846-44F7-AF1A-7CF2E539B4BC}.Debug|Any CPU.Build.0 = Debug|Any CPU
		{14E08072-1846-44F7-AF1A-7CF2E539B4BC}.Release|Any CPU.ActiveCfg = Release|Any CPU
		{14E08072-1846-44F7-AF1A-7CF2E539B4BC}.Release|Any CPU.Build.0 = Release|Any CPU
	EndGlobalSection
	GlobalSection(SolutionProperties) = preSolution
		HideSolutionNode = FALSE
	EndGlobalSection
	GlobalSection(ExtensibilityGlobals) = postSolution
		SolutionGuid = {61F7FB11-1E47-470C-91E2-47F8143E1572}
	EndGlobalSection
EndGlobal
