
Microsoft Visual Studio Solution File, Format Version 12.00
# Visual Studio Version 17
VisualStudioVersion = 17.7.34018.315
MinimumVisualStudioVersion = 10.0.40219.1
Project("{9A19103F-16F7-4668-BE54-9A1E7A4F7556}") = "NetworkController", "NetworkController\NetworkController.csproj", "{6AC4FEC8-D586-4072-833A-BA23EB109756}"
EndProject
Project("{FAE04EC0-301F-11D3-BF4B-00C04F79EFBC}") = "NetworkTestHelper", "NetworkTestHelper\NetworkTestHelper.csproj", "{4BCA981A-EAD6-4740-8CD8-BC38E8FF90C3}"
EndProject
Project("{FAE04EC0-301F-11D3-BF4B-00C04F79EFBC}") = "NetworkTests", "NetworkTests\NetworkTests.csproj", "{C1FA33BE-4780-49FB-BBC8-E286780A5586}"
EndProject
Global
	GlobalSection(SolutionConfigurationPlatforms) = preSolution
		Debug|Any CPU = Debug|Any CPU
		Release|Any CPU = Release|Any CPU
	EndGlobalSection
	GlobalSection(ProjectConfigurationPlatforms) = postSolution
		{6AC4FEC8-D586-4072-833A-BA23EB109756}.Debug|Any CPU.ActiveCfg = Debug|Any CPU
		{6AC4FEC8-D586-4072-833A-BA23EB109756}.Debug|Any CPU.Build.0 = Debug|Any CPU
		{6AC4FEC8-D586-4072-833A-BA23EB109756}.Release|Any CPU.ActiveCfg = Release|Any CPU
		{6AC4FEC8-D586-4072-833A-BA23EB109756}.Release|Any CPU.Build.0 = Release|Any CPU
		{4BCA981A-EAD6-4740-8CD8-BC38E8FF90C3}.Debug|Any CPU.ActiveCfg = Debug|Any CPU
		{4BCA981A-EAD6-4740-8CD8-BC38E8FF90C3}.Debug|Any CPU.Build.0 = Debug|Any CPU
		{4BCA981A-EAD6-4740-8CD8-BC38E8FF90C3}.Release|Any CPU.ActiveCfg = Release|Any CPU
		{4BCA981A-EAD6-4740-8CD8-BC38E8FF90C3}.Release|Any CPU.Build.0 = Release|Any CPU
		{C1FA33BE-4780-49FB-BBC8-E286780A5586}.Debug|Any CPU.ActiveCfg = Debug|Any CPU
		{C1FA33BE-4780-49FB-BBC8-E286780A5586}.Debug|Any CPU.Build.0 = Debug|Any CPU
		{C1FA33BE-4780-49FB-BBC8-E286780A5586}.Release|Any CPU.ActiveCfg = Release|Any CPU
		{C1FA33BE-4780-49FB-BBC8-E286780A5586}.Release|Any CPU.Build.0 = Release|Any CPU
	EndGlobalSection
	GlobalSection(SolutionProperties) = preSolution
		HideSolutionNode = FALSE
	EndGlobalSection
	GlobalSection(ExtensibilityGlobals) = postSolution
		SolutionGuid = {EA086AA0-5CC8-4ABA-9A4B-8CE03C0786B0}
	EndGlobalSection
EndGlobal
